<Solution>
  <Folder Name="/src/">
    <Project Path="src/AISocInvestigator.Api/AISocInvestigator.Api.csproj" />
    <Project Path="src/AISocInvestigator.Application/AISocInvestigator.Application.csproj" />
    <Project Path="src/AISocInvestigator.Domain/AISocInvestigator.Domain.csproj" />
    <Project Path="src/AISocInvestigator.Infrastructure/AISocInvestigator.Infrastructure.csproj" />
  </Folder>
</Solution>
